
Microsoft Visual Studio Solution File, Format Version 12.00
# Visual Studio 14
VisualStudioVersion = 14.0.25420.1
MinimumVisualStudioVersion = 10.0.40219.1
Project("{2150E333-8FDC-42A3-9474-1A3956D46DE8}") = "Cores", "Cores", "{85A5170A-F5C8-4AF8-B9B8-9FAF8381D4C8}"
EndProject
Project("{FAE04EC0-301F-11D3-BF4B-00C04F79EFBC}") = "DatabaseCore", "Cores\DatabaseCore\DatabaseCore.csproj", "{D17E9D03-D024-4420-837F-A0A869C1C6A5}"
EndProject
Project("{2150E333-8FDC-42A3-9474-1A3956D46DE8}") = "Components", "Components", "{C368C4EB-A238-42AF-97C2-E2FE76824998}"
EndProject
Project("{2150E333-8FDC-42A3-9474-1A3956D46DE8}") = "Clients", "Clients", "{DC1901C9-E9A1-4EDF-BDB5-0D23E6F93A80}"
EndProject
Project("{FAE04EC0-301F-11D3-BF4B-00C04F79EFBC}") = "DataInterface", "Components\DataInterface\DataInterface\DataInterface.csproj", "{E85266F2-299A-4D95-9E4A-AE3DDDAB40FC}"
EndProject
Project("{FAE04EC0-301F-11D3-BF4B-00C04F79EFBC}") = "DataCore", "Cores\DataCore\DataCore\DataCore.csproj", "{4AA32FEB-9FD7-4900-B752-35819860F9FD}"
EndProject
Project("{FAE04EC0-301F-11D3-BF4B-00C04F79EFBC}") = "WebUtilities", "Components\WebUtilities\WebUtilities.csproj", "{852825B2-B334-439E-8D4B-44B97C5E9DE5}"
EndProject
Project("{FAE04EC0-301F-11D3-BF4B-00C04F79EFBC}") = "ApplicationUtilities", "Components\ApplicationUtilities\ApplicationUtilities.csproj", "{2F85D9A6-33BF-4401-B2B2-635A7C78918D}"
EndProject
Project("{FAE04EC0-301F-11D3-BF4B-00C04F79EFBC}") = "PermissionCore", "Components\PermissionCore\PermissionCore\PermissionCore.csproj", "{CD93B57A-C620-4B5A-8324-90A272D158E7}"
EndProject
Project("{FAE04EC0-301F-11D3-BF4B-00C04F79EFBC}") = "MasterPage", "Components\MasterPage\MasterPage\MasterPage.csproj", "{D044E899-82F5-4A98-AC43-8FF3DAECDE3A}"
EndProject
Project("{FAE04EC0-301F-11D3-BF4B-00C04F79EFBC}") = "Crosstables", "Components\Crosstable\Crosstable\Crosstables.csproj", "{A05220B0-B1DB-49FB-84E6-B98A7A78339B}"
EndProject
Project("{FAE04EC0-301F-11D3-BF4B-00C04F79EFBC}") = "LinkBi", "Components\LinkBi\LinkBi.csproj", "{E6E901CC-F409-4DF6-A6CD-0877FED4E489}"
EndProject
Project("{FAE04EC0-301F-11D3-BF4B-00C04F79EFBC}") = "VariableSelector", "Components\VariableSelector\VariableSelector\VariableSelector.csproj", "{94ACCCE9-C9B8-4634-9660-8EEF195231A3}"
EndProject
Project("{FAE04EC0-301F-11D3-BF4B-00C04F79EFBC}") = "BenchmarkTest", "Components\BenchmarkTest\BenchmarkTest.csproj", "{717F5CD9-3339-48AF-AFEC-614F4FA1DE4B}"
EndProject
Project("{FAE04EC0-301F-11D3-BF4B-00C04F79EFBC}") = "DataImporter", "Clients\DataImporter\DataImporter\DataImporter.csproj", "{7C3A7C11-A8A5-4DA0-8208-D05E1EC514EF}"
EndProject
Project("{FAE04EC0-301F-11D3-BF4B-00C04F79EFBC}") = "LinkOnline", "Clients\LinkOnline\LinkOnline\LinkOnline.csproj", "{49E4B911-0FDD-4682-8E73-A34FD4D503E8}"
EndProject
Project("{FAE04EC0-301F-11D3-BF4B-00C04F79EFBC}") = "Homescreen", "Components\Homescreen\Homescreen\Homescreen.csproj", "{468E0579-0035-47C9-B9A0-EBE046108CF0}"
EndProject
Project("{FAE04EC0-301F-11D3-BF4B-00C04F79EFBC}") = "Backup", "Clients\Backup\Backup.csproj", "{6C5C06A9-9D49-4F44-A6CC-3F6CB0AA6A30}"
EndProject
Project("{FAE04EC0-301F-11D3-BF4B-00C04F79EFBC}") = "ClientBackup", "Components\ClientBackup\ClientBackup\ClientBackup.csproj", "{D9A64C90-46E4-4B8C-BEE7-22B704539A73}"
EndProject
Project("{FAE04EC0-301F-11D3-BF4B-00C04F79EFBC}") = "DataAnalyser", "Components\DataAnalyser\DataAnalyser\DataAnalyser.csproj", "{69B77A01-7381-40AB-AD3F-95D9F3D53271}"
EndProject
Project("{FAE04EC0-301F-11D3-BF4B-00C04F79EFBC}") = "Azure Switch", "Clients\Azure Switch\Azure Switch\Azure Switch.csproj", "{C850C0BF-6A23-468F-B64E-6E28EB77E397}"
EndProject
Project("{2150E333-8FDC-42A3-9474-1A3956D46DE8}") = "Tools", "Tools", "{6995D77F-1FA0-47A3-A958-AE914DD601E5}"
EndProject
Project("{FAE04EC0-301F-11D3-BF4B-00C04F79EFBC}") = "EquationInclude", "Tools\EquationInclude\EquationInclude.csproj", "{D8D34899-928A-4C02-8546-9AC43ED89FBD}"
EndProject
Project("{FAE04EC0-301F-11D3-BF4B-00C04F79EFBC}") = "LinkAdminService", "Clients\LinkAdmin\LinkAdminService\LinkAdminService\LinkAdminService.csproj", "{D860509E-A2C8-40C6-9CD3-AC53513019F5}"
EndProject
Project("{FAE04EC0-301F-11D3-BF4B-00C04F79EFBC}") = "LinkAdmin", "Clients\LinkAdmin\LinkAdmin\LinkAdmin\LinkAdmin.csproj", "{A400298D-DE4E-4549-B445-9AE4CB0B0B44}"
EndProject
Project("{FAE04EC0-301F-11D3-BF4B-00C04F79EFBC}") = "CaseDataCore", "Cores\CaseDataCore\CaseDataCore\CaseDataCore.csproj", "{776041C3-5967-455C-B06D-2AA511E611A1}"
EndProject
Project("{FAE04EC0-301F-11D3-BF4B-00C04F79EFBC}") = "Switch", "Clients\Switch\Switch\Switch.csproj", "{426EF1D1-10DA-49CF-8A66-1CF79F691F03}"
EndProject
Project("{FAE04EC0-301F-11D3-BF4B-00C04F79EFBC}") = "LinkingHelper", "Tools\LinkingHelper\LinkingHelper\LinkingHelper.csproj", "{C979CAAB-84A3-4000-B5D8-4EF267AA80E7}"
EndProject
Project("{FAE04EC0-301F-11D3-BF4B-00C04F79EFBC}") = "LinkingHelper2", "Tools\LinkingHelper2\LinkingHelper2\LinkingHelper2.csproj", "{3FC4DF4D-CD31-4701-AB4C-ACF2CFEAC7CE}"
EndProject
Project("{FAE04EC0-301F-11D3-BF4B-00C04F79EFBC}") = "XML To JSON", "Tools\XML To JSON\XML To JSON.csproj", "{1B822665-3FE9-4362-8283-57D0824EF817}"
EndProject
Project("{FAE04EC0-301F-11D3-BF4B-00C04F79EFBC}") = "API", "Components\API\API.csproj", "{BD5DE4E4-0298-4626-862A-9492D427A5FD}"
EndProject
Project("{2150E333-8FDC-42A3-9474-1A3956D46DE8}") = "Dashboard", "Dashboard", "{62619E52-1ACC-4639-A0E7-4F755C9E37F2}"
EndProject
Project("{FAE04EC0-301F-11D3-BF4B-00C04F79EFBC}") = "DashboardCore", "Dashboard\DashboardCore\DashboardCore\DashboardCore.csproj", "{4CF4713C-D117-4CA8-986E-7D3DDDF8845C}"
EndProject
Project("{FAE04EC0-301F-11D3-BF4B-00C04F79EFBC}") = "DashboardService", "Dashboard\DashboardService\DashboardService\DashboardService.csproj", "{E122C533-4868-4126-8B13-E4279BB700DD}"
EndProject
Project("{2150E333-8FDC-42A3-9474-1A3956D46DE8}") = "Solution Items", "Solution Items", "{062B89AE-3728-4B1C-9257-7563FDEA2652}"
	ProjectSection(SolutionItems) = preProject
		Performance1.psess = Performance1.psess
		Performance2.psess = Performance2.psess
		Performance3.psess = Performance3.psess
		Performance4.psess = Performance4.psess
		Performance5.psess = Performance5.psess
		Performance6.psess = Performance6.psess
		Performance7.psess = Performance7.psess
	EndProjectSection
EndProject
Project("{8BB2217D-0F2D-49D1-97BC-3654ED321F3B}") = "Switch2", "Clients\Switch2\Switch2\Switch2.xproj", "{A42F2772-D7EB-4754-9FA4-BA4739BBA297}"
EndProject
Project("{FAE04EC0-301F-11D3-BF4B-00C04F79EFBC}") = "AlexaAPI", "Clients\AlexaAPI\AlexaAPI.csproj", "{86ED4E21-4003-4CE3-AC1B-BA2C0BAD1B0A}"
EndProject
Global
	GlobalSection(SolutionConfigurationPlatforms) = preSolution
		Debug|Any CPU = Debug|Any CPU
		Release|Any CPU = Release|Any CPU
	EndGlobalSection
	GlobalSection(ProjectConfigurationPlatforms) = postSolution
		{D17E9D03-D024-4420-837F-A0A869C1C6A5}.Debug|Any CPU.ActiveCfg = Debug|Any CPU
		{D17E9D03-D024-4420-837F-A0A869C1C6A5}.Debug|Any CPU.Build.0 = Debug|Any CPU
		{D17E9D03-D024-4420-837F-A0A869C1C6A5}.Release|Any CPU.ActiveCfg = Release|Any CPU
		{D17E9D03-D024-4420-837F-A0A869C1C6A5}.Release|Any CPU.Build.0 = Release|Any CPU
		{E85266F2-299A-4D95-9E4A-AE3DDDAB40FC}.Debug|Any CPU.ActiveCfg = Debug|Any CPU
		{E85266F2-299A-4D95-9E4A-AE3DDDAB40FC}.Debug|Any CPU.Build.0 = Debug|Any CPU
		{E85266F2-299A-4D95-9E4A-AE3DDDAB40FC}.Release|Any CPU.ActiveCfg = Release|Any CPU
		{E85266F2-299A-4D95-9E4A-AE3DDDAB40FC}.Release|Any CPU.Build.0 = Release|Any CPU
		{4AA32FEB-9FD7-4900-B752-35819860F9FD}.Debug|Any CPU.ActiveCfg = Debug|Any CPU
		{4AA32FEB-9FD7-4900-B752-35819860F9FD}.Debug|Any CPU.Build.0 = Debug|Any CPU
		{4AA32FEB-9FD7-4900-B752-35819860F9FD}.Release|Any CPU.ActiveCfg = Release|Any CPU
		{4AA32FEB-9FD7-4900-B752-35819860F9FD}.Release|Any CPU.Build.0 = Release|Any CPU
		{852825B2-B334-439E-8D4B-44B97C5E9DE5}.Debug|Any CPU.ActiveCfg = Debug|Any CPU
		{852825B2-B334-439E-8D4B-44B97C5E9DE5}.Debug|Any CPU.Build.0 = Debug|Any CPU
		{852825B2-B334-439E-8D4B-44B97C5E9DE5}.Release|Any CPU.ActiveCfg = Release|Any CPU
		{852825B2-B334-439E-8D4B-44B97C5E9DE5}.Release|Any CPU.Build.0 = Release|Any CPU
		{2F85D9A6-33BF-4401-B2B2-635A7C78918D}.Debug|Any CPU.ActiveCfg = Debug|Any CPU
		{2F85D9A6-33BF-4401-B2B2-635A7C78918D}.Debug|Any CPU.Build.0 = Debug|Any CPU
		{2F85D9A6-33BF-4401-B2B2-635A7C78918D}.Release|Any CPU.ActiveCfg = Release|Any CPU
		{2F85D9A6-33BF-4401-B2B2-635A7C78918D}.Release|Any CPU.Build.0 = Release|Any CPU
		{CD93B57A-C620-4B5A-8324-90A272D158E7}.Debug|Any CPU.ActiveCfg = Debug|Any CPU
		{CD93B57A-C620-4B5A-8324-90A272D158E7}.Debug|Any CPU.Build.0 = Debug|Any CPU
		{CD93B57A-C620-4B5A-8324-90A272D158E7}.Release|Any CPU.ActiveCfg = Release|Any CPU
		{CD93B57A-C620-4B5A-8324-90A272D158E7}.Release|Any CPU.Build.0 = Release|Any CPU
		{D044E899-82F5-4A98-AC43-8FF3DAECDE3A}.Debug|Any CPU.ActiveCfg = Debug|Any CPU
		{D044E899-82F5-4A98-AC43-8FF3DAECDE3A}.Debug|Any CPU.Build.0 = Debug|Any CPU
		{D044E899-82F5-4A98-AC43-8FF3DAECDE3A}.Release|Any CPU.ActiveCfg = Release|Any CPU
		{D044E899-82F5-4A98-AC43-8FF3DAECDE3A}.Release|Any CPU.Build.0 = Release|Any CPU
		{A05220B0-B1DB-49FB-84E6-B98A7A78339B}.Debug|Any CPU.ActiveCfg = Debug|Any CPU
		{A05220B0-B1DB-49FB-84E6-B98A7A78339B}.Debug|Any CPU.Build.0 = Debug|Any CPU
		{A05220B0-B1DB-49FB-84E6-B98A7A78339B}.Release|Any CPU.ActiveCfg = Release|Any CPU
		{A05220B0-B1DB-49FB-84E6-B98A7A78339B}.Release|Any CPU.Build.0 = Release|Any CPU
		{E6E901CC-F409-4DF6-A6CD-0877FED4E489}.Debug|Any CPU.ActiveCfg = Debug|Any CPU
		{E6E901CC-F409-4DF6-A6CD-0877FED4E489}.Debug|Any CPU.Build.0 = Debug|Any CPU
		{E6E901CC-F409-4DF6-A6CD-0877FED4E489}.Release|Any CPU.ActiveCfg = Release|Any CPU
		{E6E901CC-F409-4DF6-A6CD-0877FED4E489}.Release|Any CPU.Build.0 = Release|Any CPU
		{94ACCCE9-C9B8-4634-9660-8EEF195231A3}.Debug|Any CPU.ActiveCfg = Debug|Any CPU
		{94ACCCE9-C9B8-4634-9660-8EEF195231A3}.Debug|Any CPU.Build.0 = Debug|Any CPU
		{94ACCCE9-C9B8-4634-9660-8EEF195231A3}.Release|Any CPU.ActiveCfg = Release|Any CPU
		{94ACCCE9-C9B8-4634-9660-8EEF195231A3}.Release|Any CPU.Build.0 = Release|Any CPU
		{717F5CD9-3339-48AF-AFEC-614F4FA1DE4B}.Debug|Any CPU.ActiveCfg = Debug|Any CPU
		{717F5CD9-3339-48AF-AFEC-614F4FA1DE4B}.Debug|Any CPU.Build.0 = Debug|Any CPU
		{717F5CD9-3339-48AF-AFEC-614F4FA1DE4B}.Release|Any CPU.ActiveCfg = Release|Any CPU
		{717F5CD9-3339-48AF-AFEC-614F4FA1DE4B}.Release|Any CPU.Build.0 = Release|Any CPU
		{7C3A7C11-A8A5-4DA0-8208-D05E1EC514EF}.Debug|Any CPU.ActiveCfg = Debug|Any CPU
		{7C3A7C11-A8A5-4DA0-8208-D05E1EC514EF}.Debug|Any CPU.Build.0 = Debug|Any CPU
		{7C3A7C11-A8A5-4DA0-8208-D05E1EC514EF}.Release|Any CPU.ActiveCfg = Release|Any CPU
		{7C3A7C11-A8A5-4DA0-8208-D05E1EC514EF}.Release|Any CPU.Build.0 = Release|Any CPU
		{49E4B911-0FDD-4682-8E73-A34FD4D503E8}.Debug|Any CPU.ActiveCfg = Debug|Any CPU
		{49E4B911-0FDD-4682-8E73-A34FD4D503E8}.Debug|Any CPU.Build.0 = Debug|Any CPU
		{49E4B911-0FDD-4682-8E73-A34FD4D503E8}.Release|Any CPU.ActiveCfg = Release|Any CPU
		{49E4B911-0FDD-4682-8E73-A34FD4D503E8}.Release|Any CPU.Build.0 = Release|Any CPU
		{468E0579-0035-47C9-B9A0-EBE046108CF0}.Debug|Any CPU.ActiveCfg = Debug|Any CPU
		{468E0579-0035-47C9-B9A0-EBE046108CF0}.Debug|Any CPU.Build.0 = Debug|Any CPU
		{468E0579-0035-47C9-B9A0-EBE046108CF0}.Release|Any CPU.ActiveCfg = Release|Any CPU
		{468E0579-0035-47C9-B9A0-EBE046108CF0}.Release|Any CPU.Build.0 = Release|Any CPU
		{6C5C06A9-9D49-4F44-A6CC-3F6CB0AA6A30}.Debug|Any CPU.ActiveCfg = Debug|Any CPU
		{6C5C06A9-9D49-4F44-A6CC-3F6CB0AA6A30}.Debug|Any CPU.Build.0 = Debug|Any CPU
		{6C5C06A9-9D49-4F44-A6CC-3F6CB0AA6A30}.Release|Any CPU.ActiveCfg = Release|Any CPU
		{6C5C06A9-9D49-4F44-A6CC-3F6CB0AA6A30}.Release|Any CPU.Build.0 = Release|Any CPU
		{D9A64C90-46E4-4B8C-BEE7-22B704539A73}.Debug|Any CPU.ActiveCfg = Debug|Any CPU
		{D9A64C90-46E4-4B8C-BEE7-22B704539A73}.Debug|Any CPU.Build.0 = Debug|Any CPU
		{D9A64C90-46E4-4B8C-BEE7-22B704539A73}.Release|Any CPU.ActiveCfg = Release|Any CPU
		{D9A64C90-46E4-4B8C-BEE7-22B704539A73}.Release|Any CPU.Build.0 = Release|Any CPU
		{69B77A01-7381-40AB-AD3F-95D9F3D53271}.Debug|Any CPU.ActiveCfg = Debug|Any CPU
		{69B77A01-7381-40AB-AD3F-95D9F3D53271}.Debug|Any CPU.Build.0 = Debug|Any CPU
		{69B77A01-7381-40AB-AD3F-95D9F3D53271}.Release|Any CPU.ActiveCfg = Release|Any CPU
		{69B77A01-7381-40AB-AD3F-95D9F3D53271}.Release|Any CPU.Build.0 = Release|Any CPU
		{C850C0BF-6A23-468F-B64E-6E28EB77E397}.Debug|Any CPU.ActiveCfg = Debug|Any CPU
		{C850C0BF-6A23-468F-B64E-6E28EB77E397}.Debug|Any CPU.Build.0 = Debug|Any CPU
		{C850C0BF-6A23-468F-B64E-6E28EB77E397}.Release|Any CPU.ActiveCfg = Release|Any CPU
		{C850C0BF-6A23-468F-B64E-6E28EB77E397}.Release|Any CPU.Build.0 = Release|Any CPU
		{D8D34899-928A-4C02-8546-9AC43ED89FBD}.Debug|Any CPU.ActiveCfg = Debug|Any CPU
		{D8D34899-928A-4C02-8546-9AC43ED89FBD}.Debug|Any CPU.Build.0 = Debug|Any CPU
		{D8D34899-928A-4C02-8546-9AC43ED89FBD}.Release|Any CPU.ActiveCfg = Release|Any CPU
		{D8D34899-928A-4C02-8546-9AC43ED89FBD}.Release|Any CPU.Build.0 = Release|Any CPU
		{D860509E-A2C8-40C6-9CD3-AC53513019F5}.Debug|Any CPU.ActiveCfg = Debug|Any CPU
		{D860509E-A2C8-40C6-9CD3-AC53513019F5}.Debug|Any CPU.Build.0 = Debug|Any CPU
		{D860509E-A2C8-40C6-9CD3-AC53513019F5}.Release|Any CPU.ActiveCfg = Release|Any CPU
		{D860509E-A2C8-40C6-9CD3-AC53513019F5}.Release|Any CPU.Build.0 = Release|Any CPU
		{A400298D-DE4E-4549-B445-9AE4CB0B0B44}.Debug|Any CPU.ActiveCfg = Debug|Any CPU
		{A400298D-DE4E-4549-B445-9AE4CB0B0B44}.Debug|Any CPU.Build.0 = Debug|Any CPU
		{A400298D-DE4E-4549-B445-9AE4CB0B0B44}.Release|Any CPU.ActiveCfg = Release|Any CPU
		{A400298D-DE4E-4549-B445-9AE4CB0B0B44}.Release|Any CPU.Build.0 = Release|Any CPU
		{776041C3-5967-455C-B06D-2AA511E611A1}.Debug|Any CPU.ActiveCfg = Debug|Any CPU
		{776041C3-5967-455C-B06D-2AA511E611A1}.Debug|Any CPU.Build.0 = Debug|Any CPU
		{776041C3-5967-455C-B06D-2AA511E611A1}.Release|Any CPU.ActiveCfg = Release|Any CPU
		{776041C3-5967-455C-B06D-2AA511E611A1}.Release|Any CPU.Build.0 = Release|Any CPU
		{426EF1D1-10DA-49CF-8A66-1CF79F691F03}.Debug|Any CPU.ActiveCfg = Debug|Any CPU
		{426EF1D1-10DA-49CF-8A66-1CF79F691F03}.Debug|Any CPU.Build.0 = Debug|Any CPU
		{426EF1D1-10DA-49CF-8A66-1CF79F691F03}.Release|Any CPU.ActiveCfg = Release|Any CPU
		{426EF1D1-10DA-49CF-8A66-1CF79F691F03}.Release|Any CPU.Build.0 = Release|Any CPU
		{C979CAAB-84A3-4000-B5D8-4EF267AA80E7}.Debug|Any CPU.ActiveCfg = Debug|Any CPU
		{C979CAAB-84A3-4000-B5D8-4EF267AA80E7}.Debug|Any CPU.Build.0 = Debug|Any CPU
		{C979CAAB-84A3-4000-B5D8-4EF267AA80E7}.Release|Any CPU.ActiveCfg = Release|Any CPU
		{C979CAAB-84A3-4000-B5D8-4EF267AA80E7}.Release|Any CPU.Build.0 = Release|Any CPU
		{3FC4DF4D-CD31-4701-AB4C-ACF2CFEAC7CE}.Debug|Any CPU.ActiveCfg = Debug|Any CPU
		{3FC4DF4D-CD31-4701-AB4C-ACF2CFEAC7CE}.Debug|Any CPU.Build.0 = Debug|Any CPU
		{3FC4DF4D-CD31-4701-AB4C-ACF2CFEAC7CE}.Release|Any CPU.ActiveCfg = Release|Any CPU
		{3FC4DF4D-CD31-4701-AB4C-ACF2CFEAC7CE}.Release|Any CPU.Build.0 = Release|Any CPU
		{1B822665-3FE9-4362-8283-57D0824EF817}.Debug|Any CPU.ActiveCfg = Debug|Any CPU
		{1B822665-3FE9-4362-8283-57D0824EF817}.Debug|Any CPU.Build.0 = Debug|Any CPU
		{1B822665-3FE9-4362-8283-57D0824EF817}.Release|Any CPU.ActiveCfg = Release|Any CPU
		{1B822665-3FE9-4362-8283-57D0824EF817}.Release|Any CPU.Build.0 = Release|Any CPU
		{BD5DE4E4-0298-4626-862A-9492D427A5FD}.Debug|Any CPU.ActiveCfg = Debug|Any CPU
		{BD5DE4E4-0298-4626-862A-9492D427A5FD}.Debug|Any CPU.Build.0 = Debug|Any CPU
		{BD5DE4E4-0298-4626-862A-9492D427A5FD}.Release|Any CPU.ActiveCfg = Release|Any CPU
		{BD5DE4E4-0298-4626-862A-9492D427A5FD}.Release|Any CPU.Build.0 = Release|Any CPU
		{4CF4713C-D117-4CA8-986E-7D3DDDF8845C}.Debug|Any CPU.ActiveCfg = Debug|Any CPU
		{4CF4713C-D117-4CA8-986E-7D3DDDF8845C}.Debug|Any CPU.Build.0 = Debug|Any CPU
		{4CF4713C-D117-4CA8-986E-7D3DDDF8845C}.Release|Any CPU.ActiveCfg = Release|Any CPU
		{4CF4713C-D117-4CA8-986E-7D3DDDF8845C}.Release|Any CPU.Build.0 = Release|Any CPU
		{E122C533-4868-4126-8B13-E4279BB700DD}.Debug|Any CPU.ActiveCfg = Debug|Any CPU
		{E122C533-4868-4126-8B13-E4279BB700DD}.Debug|Any CPU.Build.0 = Debug|Any CPU
		{E122C533-4868-4126-8B13-E4279BB700DD}.Release|Any CPU.ActiveCfg = Release|Any CPU
		{E122C533-4868-4126-8B13-E4279BB700DD}.Release|Any CPU.Build.0 = Release|Any CPU
		{A42F2772-D7EB-4754-9FA4-BA4739BBA297}.Debug|Any CPU.ActiveCfg = Debug|Any CPU
		{A42F2772-D7EB-4754-9FA4-BA4739BBA297}.Debug|Any CPU.Build.0 = Debug|Any CPU
		{A42F2772-D7EB-4754-9FA4-BA4739BBA297}.Release|Any CPU.ActiveCfg = Release|Any CPU
		{A42F2772-D7EB-4754-9FA4-BA4739BBA297}.Release|Any CPU.Build.0 = Release|Any CPU
		{86ED4E21-4003-4CE3-AC1B-BA2C0BAD1B0A}.Debug|Any CPU.ActiveCfg = Debug|Any CPU
		{86ED4E21-4003-4CE3-AC1B-BA2C0BAD1B0A}.Debug|Any CPU.Build.0 = Debug|Any CPU
		{86ED4E21-4003-4CE3-AC1B-BA2C0BAD1B0A}.Release|Any CPU.ActiveCfg = Release|Any CPU
		{86ED4E21-4003-4CE3-AC1B-BA2C0BAD1B0A}.Release|Any CPU.Build.0 = Release|Any CPU
	EndGlobalSection
	GlobalSection(SolutionProperties) = preSolution
		HideSolutionNode = FALSE
	EndGlobalSection
	GlobalSection(NestedProjects) = preSolution
		{D17E9D03-D024-4420-837F-A0A869C1C6A5} = {85A5170A-F5C8-4AF8-B9B8-9FAF8381D4C8}
		{E85266F2-299A-4D95-9E4A-AE3DDDAB40FC} = {C368C4EB-A238-42AF-97C2-E2FE76824998}
		{4AA32FEB-9FD7-4900-B752-35819860F9FD} = {85A5170A-F5C8-4AF8-B9B8-9FAF8381D4C8}
		{852825B2-B334-439E-8D4B-44B97C5E9DE5} = {C368C4EB-A238-42AF-97C2-E2FE76824998}
		{2F85D9A6-33BF-4401-B2B2-635A7C78918D} = {C368C4EB-A238-42AF-97C2-E2FE76824998}
		{CD93B57A-C620-4B5A-8324-90A272D158E7} = {C368C4EB-A238-42AF-97C2-E2FE76824998}
		{D044E899-82F5-4A98-AC43-8FF3DAECDE3A} = {C368C4EB-A238-42AF-97C2-E2FE76824998}
		{A05220B0-B1DB-49FB-84E6-B98A7A78339B} = {C368C4EB-A238-42AF-97C2-E2FE76824998}
		{E6E901CC-F409-4DF6-A6CD-0877FED4E489} = {C368C4EB-A238-42AF-97C2-E2FE76824998}
		{94ACCCE9-C9B8-4634-9660-8EEF195231A3} = {C368C4EB-A238-42AF-97C2-E2FE76824998}
		{717F5CD9-3339-48AF-AFEC-614F4FA1DE4B} = {C368C4EB-A238-42AF-97C2-E2FE76824998}
		{7C3A7C11-A8A5-4DA0-8208-D05E1EC514EF} = {DC1901C9-E9A1-4EDF-BDB5-0D23E6F93A80}
		{49E4B911-0FDD-4682-8E73-A34FD4D503E8} = {DC1901C9-E9A1-4EDF-BDB5-0D23E6F93A80}
		{468E0579-0035-47C9-B9A0-EBE046108CF0} = {C368C4EB-A238-42AF-97C2-E2FE76824998}
		{6C5C06A9-9D49-4F44-A6CC-3F6CB0AA6A30} = {DC1901C9-E9A1-4EDF-BDB5-0D23E6F93A80}
		{D9A64C90-46E4-4B8C-BEE7-22B704539A73} = {C368C4EB-A238-42AF-97C2-E2FE76824998}
		{69B77A01-7381-40AB-AD3F-95D9F3D53271} = {C368C4EB-A238-42AF-97C2-E2FE76824998}
		{C850C0BF-6A23-468F-B64E-6E28EB77E397} = {DC1901C9-E9A1-4EDF-BDB5-0D23E6F93A80}
		{D8D34899-928A-4C02-8546-9AC43ED89FBD} = {6995D77F-1FA0-47A3-A958-AE914DD601E5}
		{D860509E-A2C8-40C6-9CD3-AC53513019F5} = {DC1901C9-E9A1-4EDF-BDB5-0D23E6F93A80}
		{A400298D-DE4E-4549-B445-9AE4CB0B0B44} = {DC1901C9-E9A1-4EDF-BDB5-0D23E6F93A80}
		{776041C3-5967-455C-B06D-2AA511E611A1} = {85A5170A-F5C8-4AF8-B9B8-9FAF8381D4C8}
		{426EF1D1-10DA-49CF-8A66-1CF79F691F03} = {DC1901C9-E9A1-4EDF-BDB5-0D23E6F93A80}
		{C979CAAB-84A3-4000-B5D8-4EF267AA80E7} = {6995D77F-1FA0-47A3-A958-AE914DD601E5}
		{3FC4DF4D-CD31-4701-AB4C-ACF2CFEAC7CE} = {6995D77F-1FA0-47A3-A958-AE914DD601E5}
		{1B822665-3FE9-4362-8283-57D0824EF817} = {6995D77F-1FA0-47A3-A958-AE914DD601E5}
		{BD5DE4E4-0298-4626-862A-9492D427A5FD} = {C368C4EB-A238-42AF-97C2-E2FE76824998}
		{4CF4713C-D117-4CA8-986E-7D3DDDF8845C} = {62619E52-1ACC-4639-A0E7-4F755C9E37F2}
		{E122C533-4868-4126-8B13-E4279BB700DD} = {62619E52-1ACC-4639-A0E7-4F755C9E37F2}
		{A42F2772-D7EB-4754-9FA4-BA4739BBA297} = {DC1901C9-E9A1-4EDF-BDB5-0D23E6F93A80}
		{86ED4E21-4003-4CE3-AC1B-BA2C0BAD1B0A} = {DC1901C9-E9A1-4EDF-BDB5-0D23E6F93A80}
	EndGlobalSection
EndGlobal
